
Microsoft Visual Studio Solution File, Format Version 12.00
# Visual Studio 14
VisualStudioVersion = 14.0.25420.1
MinimumVisualStudioVersion = 10.0.40219.1
Project("{FAE04EC0-301F-11D3-BF4B-00C04F79EFBC}") = "sheng.ADO.NET.Plus", "sheng.ADO.NET.Plus\sheng.ADO.NET.Plus.csproj", "{42D37ABA-AAE5-4EB9-9FF8-533A3F558B92}"
EndProject
Project("{FAE04EC0-301F-11D3-BF4B-00C04F79EFBC}") = "Sheng.AdoNetPlus", "Sheng.AdoNetPlus\Sheng.AdoNetPlus.csproj", "{2BF29E80-4DC1-4943-837D-DE429B90A5E8}"
EndProject
Project("{FAE04EC0-301F-11D3-BF4B-00C04F79EFBC}") = "Sheng.Kernal", "Sheng.Kernal\Sheng.Kernal.csproj", "{60C2DE74-7898-458E-A464-9266A37347F0}"
EndProject
Global
	GlobalSection(SolutionConfigurationPlatforms) = preSolution
		Debug|Any CPU = Debug|Any CPU
		Release|Any CPU = Release|Any CPU
	EndGlobalSection
	GlobalSection(ProjectConfigurationPlatforms) = postSolution
		{42D37ABA-AAE5-4EB9-9FF8-533A3F558B92}.Debug|Any CPU.ActiveCfg = Debug|Any CPU
		{42D37ABA-AAE5-4EB9-9FF8-533A3F558B92}.Debug|Any CPU.Build.0 = Debug|Any CPU
		{42D37ABA-AAE5-4EB9-9FF8-533A3F558B92}.Release|Any CPU.ActiveCfg = Release|Any CPU
		{42D37ABA-AAE5-4EB9-9FF8-533A3F558B92}.Release|Any CPU.Build.0 = Release|Any CPU
		{2BF29E80-4DC1-4943-837D-DE429B90A5E8}.Debug|Any CPU.ActiveCfg = Debug|Any CPU
		{2BF29E80-4DC1-4943-837D-DE429B90A5E8}.Debug|Any CPU.Build.0 = Debug|Any CPU
		{2BF29E80-4DC1-4943-837D-DE429B90A5E8}.Release|Any CPU.ActiveCfg = Release|Any CPU
		{2BF29E80-4DC1-4943-837D-DE429B90A5E8}.Release|Any CPU.Build.0 = Release|Any CPU
		{60C2DE74-7898-458E-A464-9266A37347F0}.Debug|Any CPU.ActiveCfg = Debug|Any CPU
		{60C2DE74-7898-458E-A464-9266A37347F0}.Debug|Any CPU.Build.0 = Debug|Any CPU
		{60C2DE74-7898-458E-A464-9266A37347F0}.Release|Any CPU.ActiveCfg = Release|Any CPU
		{60C2DE74-7898-458E-A464-9266A37347F0}.Release|Any CPU.Build.0 = Release|Any CPU
	EndGlobalSection
	GlobalSection(SolutionProperties) = preSolution
		HideSolutionNode = FALSE
	EndGlobalSection
EndGlobal
